{
  "name": "nodejs-hw",
  "version": "1.0.0",
  "lockfileVersion": 3,
  "requires": true,
  "packages": {
    "": {
      "name": "nodejs-hw",
      "version": "1.0.0",
      "license": "ISC",
      "dependencies": {
        "@abidat77/ajs-hw": "^1.0.0"
      }
    },
    "node_modules/@abidat77/ajs-hw": {
      "version": "1.0.0",
      "resolved": "https://npm.pkg.github.com/download/@abidat77/ajs-hw/1.0.0/f751632dfc48028c0db53a63566548b9643bba0e",
      "integrity": "sha512-Ww7HmluRAs4COgtXmS6i2T0V9s66XhslpbVCWZ5//zF/65V5sOKIc84qesXL3laMV9Cu/VL8tgCs8L+l38HAVg==",
      "license": "ISC"
    }
  }
}
